
Microsoft Visual Studio Solution File, Format Version 12.00
# Visual Studio 15
VisualStudioVersion = 15.0.27130.2036
MinimumVisualStudioVersion = 10.0.40219.1
Project("{FAE04EC0-301F-11D3-BF4B-00C04F79EFBC}") = "primeiro-projeto", "primeiro-projeto\primeiro-projeto.csproj", "{072D9449-72A1-45DA-8162-9C8B59169566}"
EndProject
Project("{FAE04EC0-301F-11D3-BF4B-00C04F79EFBC}") = "segundo-projeto", "segundo-projeto\segundo-projeto.csproj", "{3F9F1264-0B8E-415A-AAF6-94B692D5CEAE}"
EndProject
Project("{FAE04EC0-301F-11D3-BF4B-00C04F79EFBC}") = "exercicio-poo-1", "exercicio-poo-1\exercicio-poo-1.csproj", "{0D817105-7682-434E-96D9-3027EE7A44E2}"
EndProject
Project("{FAE04EC0-301F-11D3-BF4B-00C04F79EFBC}") = "exercicio-segundoprojeto-banco", "exercicio-segundoprojeto-banco\exercicio-segundoprojeto-banco.csproj", "{B7BDB699-4924-4A8C-A2BD-EDB04390EEFD}"
EndProject
Project("{FAE04EC0-301F-11D3-BF4B-00C04F79EFBC}") = "exercicio-estatico", "exercicio-estatico\exercicio-estatico.csproj", "{747F55B1-C19A-45B1-B796-7595AD6F407E}"
EndProject
Project("{FAE04EC0-301F-11D3-BF4B-00C04F79EFBC}") = "ESTUDO-LISTA", "ESTUDO-LISTA\ESTUDO-LISTA.csproj", "{C1322C8A-3730-44A1-9661-3CE0D48837F8}"
EndProject
Project("{FAE04EC0-301F-11D3-BF4B-00C04F79EFBC}") = "EXERCICIO-LISTA", "EXERCICIO-LISTA\EXERCICIO-LISTA.csproj", "{F9ADA263-9CD9-4C98-B870-7CD5BDEED5D8}"
EndProject
Project("{FAE04EC0-301F-11D3-BF4B-00C04F79EFBC}") = "estudo-matriz", "estudo-matriz\estudo-matriz.csproj", "{3B48D836-9735-48A6-B132-13D7E776D171}"
EndProject
Project("{FAE04EC0-301F-11D3-BF4B-00C04F79EFBC}") = "estudo-datas", "estudo-datas\estudo-datas.csproj", "{3395C5F5-2622-4579-B3BB-77B1827012F7}"
EndProject
Global
	GlobalSection(SolutionConfigurationPlatforms) = preSolution
		Debug|Any CPU = Debug|Any CPU
		Release|Any CPU = Release|Any CPU
	EndGlobalSection
	GlobalSection(ProjectConfigurationPlatforms) = postSolution
		{072D9449-72A1-45DA-8162-9C8B59169566}.Debug|Any CPU.ActiveCfg = Debug|Any CPU
		{072D9449-72A1-45DA-8162-9C8B59169566}.Debug|Any CPU.Build.0 = Debug|Any CPU
		{072D9449-72A1-45DA-8162-9C8B59169566}.Release|Any CPU.ActiveCfg = Release|Any CPU
		{072D9449-72A1-45DA-8162-9C8B59169566}.Release|Any CPU.Build.0 = Release|Any CPU
		{3F9F1264-0B8E-415A-AAF6-94B692D5CEAE}.Debug|Any CPU.ActiveCfg = Debug|Any CPU
		{3F9F1264-0B8E-415A-AAF6-94B692D5CEAE}.Debug|Any CPU.Build.0 = Debug|Any CPU
		{3F9F1264-0B8E-415A-AAF6-94B692D5CEAE}.Release|Any CPU.ActiveCfg = Release|Any CPU
		{3F9F1264-0B8E-415A-AAF6-94B692D5CEAE}.Release|Any CPU.Build.0 = Release|Any CPU
		{0D817105-7682-434E-96D9-3027EE7A44E2}.Debug|Any CPU.ActiveCfg = Debug|Any CPU
		{0D817105-7682-434E-96D9-3027EE7A44E2}.Debug|Any CPU.Build.0 = Debug|Any CPU
		{0D817105-7682-434E-96D9-3027EE7A44E2}.Release|Any CPU.ActiveCfg = Release|Any CPU
		{0D817105-7682-434E-96D9-3027EE7A44E2}.Release|Any CPU.Build.0 = Release|Any CPU
		{B7BDB699-4924-4A8C-A2BD-EDB04390EEFD}.Debug|Any CPU.ActiveCfg = Debug|Any CPU
		{B7BDB699-4924-4A8C-A2BD-EDB04390EEFD}.Debug|Any CPU.Build.0 = Debug|Any CPU
		{B7BDB699-4924-4A8C-A2BD-EDB04390EEFD}.Release|Any CPU.ActiveCfg = Release|Any CPU
		{B7BDB699-4924-4A8C-A2BD-EDB04390EEFD}.Release|Any CPU.Build.0 = Release|Any CPU
		{747F55B1-C19A-45B1-B796-7595AD6F407E}.Debug|Any CPU.ActiveCfg = Debug|Any CPU
		{747F55B1-C19A-45B1-B796-7595AD6F407E}.Debug|Any CPU.Build.0 = Debug|Any CPU
		{747F55B1-C19A-45B1-B796-7595AD6F407E}.Release|Any CPU.ActiveCfg = Release|Any CPU
		{747F55B1-C19A-45B1-B796-7595AD6F407E}.Release|Any CPU.Build.0 = Release|Any CPU
		{C1322C8A-3730-44A1-9661-3CE0D48837F8}.Debug|Any CPU.ActiveCfg = Debug|Any CPU
		{C1322C8A-3730-44A1-9661-3CE0D48837F8}.Debug|Any CPU.Build.0 = Debug|Any CPU
		{C1322C8A-3730-44A1-9661-3CE0D48837F8}.Release|Any CPU.ActiveCfg = Release|Any CPU
		{C1322C8A-3730-44A1-9661-3CE0D48837F8}.Release|Any CPU.Build.0 = Release|Any CPU
		{F9ADA263-9CD9-4C98-B870-7CD5BDEED5D8}.Debug|Any CPU.ActiveCfg = Debug|Any CPU
		{F9ADA263-9CD9-4C98-B870-7CD5BDEED5D8}.Debug|Any CPU.Build.0 = Debug|Any CPU
		{F9ADA263-9CD9-4C98-B870-7CD5BDEED5D8}.Release|Any CPU.ActiveCfg = Release|Any CPU
		{F9ADA263-9CD9-4C98-B870-7CD5BDEED5D8}.Release|Any CPU.Build.0 = Release|Any CPU
		{3B48D836-9735-48A6-B132-13D7E776D171}.Debug|Any CPU.ActiveCfg = Debug|Any CPU
		{3B48D836-9735-48A6-B132-13D7E776D171}.Debug|Any CPU.Build.0 = Debug|Any CPU
		{3B48D836-9735-48A6-B132-13D7E776D171}.Release|Any CPU.ActiveCfg = Release|Any CPU
		{3B48D836-9735-48A6-B132-13D7E776D171}.Release|Any CPU.Build.0 = Release|Any CPU
		{3395C5F5-2622-4579-B3BB-77B1827012F7}.Debug|Any CPU.ActiveCfg = Debug|Any CPU
		{3395C5F5-2622-4579-B3BB-77B1827012F7}.Debug|Any CPU.Build.0 = Debug|Any CPU
		{3395C5F5-2622-4579-B3BB-77B1827012F7}.Release|Any CPU.ActiveCfg = Release|Any CPU
		{3395C5F5-2622-4579-B3BB-77B1827012F7}.Release|Any CPU.Build.0 = Release|Any CPU
	EndGlobalSection
	GlobalSection(SolutionProperties) = preSolution
		HideSolutionNode = FALSE
	EndGlobalSection
	GlobalSection(ExtensibilityGlobals) = postSolution
		SolutionGuid = {6DE5D168-BC28-44F2-86D4-CBF09C4E7793}
	EndGlobalSection
EndGlobal
